
Microsoft Visual Studio Solution File, Format Version 12.00
# Visual Studio Version 16
VisualStudioVersion = 16.0.31129.286
MinimumVisualStudioVersion = 10.0.40219.1
Project("{FAE04EC0-301F-11D3-BF4B-00C04F79EFBC}") = "MathQuiz", "MathQuiz\MathQuiz.csproj", "{6F8A0F5E-7F30-4D67-9F49-3D5E41C4DAA0}"
EndProject
Global
	GlobalSection(SolutionConfigurationPlatforms) = preSolution
		Debug|Any CPU = Debug|Any CPU
		Release|Any CPU = Release|Any CPU
	EndGlobalSection
	GlobalSection(ProjectConfigurationPlatforms) = postSolution
		{6F8A0F5E-7F30-4D67-9F49-3D5E41C4DAA0}.Debug|Any CPU.ActiveCfg = Debug|Any CPU
		{6F8A0F5E-7F30-4D67-9F49-3D5E41C4DAA0}.Debug|Any CPU.Build.0 = Debug|Any CPU
		{6F8A0F5E-7F30-4D67-9F49-3D5E41C4DAA0}.Release|Any CPU.ActiveCfg = Release|Any CPU
		{6F8A0F5E-7F30-4D67-9F49-3D5E41C4DAA0}.Release|Any CPU.Build.0 = Release|Any CPU
	EndGlobalSection
	GlobalSection(SolutionProperties) = preSolution
		HideSolutionNode = FALSE
	EndGlobalSection
	GlobalSection(ExtensibilityGlobals) = postSolution
		SolutionGuid = {D2C95A89-4895-4C1A-83DA-F979141BFA13}
	EndGlobalSection
EndGlobal
